
Microsoft Visual Studio Solution File, Format Version 12.00
# Visual Studio Version 16
VisualStudioVersion = 16.0.31019.35
MinimumVisualStudioVersion = 10.0.40219.1
Project("{9A19103F-16F7-4668-BE54-9A1E7A4F7556}") = "TMFileParser", "TMFileParser\TMFileParser.csproj", "{C8E41553-0AEE-42CF-9862-0206F4471CB4}"
EndProject
Project("{9A19103F-16F7-4668-BE54-9A1E7A4F7556}") = "TMFileParserTest", "TMFileParserTest\TMFileParserTest.csproj", "{D3BBDA04-A8C8-48B1-A606-9412283C5ACC}"
EndProject
Project("{FAE04EC0-301F-11D3-BF4B-00C04F79EFBC}") = "TMFileConverter", "TMFileConverter\TMFileConverter.csproj", "{3C897A7C-087E-433C-BC1F-44595B15FF01}"
EndProject
Global
	GlobalSection(SolutionConfigurationPlatforms) = preSolution
		Debug|Any CPU = Debug|Any CPU
		Release|Any CPU = Release|Any CPU
	EndGlobalSection
	GlobalSection(ProjectConfigurationPlatforms) = postSolution
		{C8E41553-0AEE-42CF-9862-0206F4471CB4}.Debug|Any CPU.ActiveCfg = Debug|Any CPU
		{C8E41553-0AEE-42CF-9862-0206F4471CB4}.Debug|Any CPU.Build.0 = Debug|Any CPU
		{C8E41553-0AEE-42CF-9862-0206F4471CB4}.Release|Any CPU.ActiveCfg = Release|Any CPU
		{C8E41553-0AEE-42CF-9862-0206F4471CB4}.Release|Any CPU.Build.0 = Release|Any CPU
		{D3BBDA04-A8C8-48B1-A606-9412283C5ACC}.Debug|Any CPU.ActiveCfg = Debug|Any CPU
		{D3BBDA04-A8C8-48B1-A606-9412283C5ACC}.Debug|Any CPU.Build.0 = Debug|Any CPU
		{D3BBDA04-A8C8-48B1-A606-9412283C5ACC}.Release|Any CPU.ActiveCfg = Release|Any CPU
		{D3BBDA04-A8C8-48B1-A606-9412283C5ACC}.Release|Any CPU.Build.0 = Release|Any CPU
		{3C897A7C-087E-433C-BC1F-44595B15FF01}.Debug|Any CPU.ActiveCfg = Debug|Any CPU
		{3C897A7C-087E-433C-BC1F-44595B15FF01}.Debug|Any CPU.Build.0 = Debug|Any CPU
		{3C897A7C-087E-433C-BC1F-44595B15FF01}.Release|Any CPU.ActiveCfg = Release|Any CPU
		{3C897A7C-087E-433C-BC1F-44595B15FF01}.Release|Any CPU.Build.0 = Release|Any CPU
	EndGlobalSection
	GlobalSection(SolutionProperties) = preSolution
		HideSolutionNode = FALSE
	EndGlobalSection
	GlobalSection(ExtensibilityGlobals) = postSolution
		SolutionGuid = {F03C4096-E919-4955-919E-AA10523CB96C}
	EndGlobalSection
EndGlobal
